
Microsoft Visual Studio Solution File, Format Version 12.00
# Visual Studio Version 17
VisualStudioVersion = 17.7.34024.191
MinimumVisualStudioVersion = 10.0.40219.1
Project("{FAE04EC0-301F-11D3-BF4B-00C04F79EFBC}") = "ProductorConsumidor.SinSincronizacion", "ProductorConsumidor.SinSincronizacion\ProductorConsumidor.SinSincronizacion.csproj", "{2791E25D-AB9C-40C9-BC46-AA6CEA05BF19}"
EndProject
Project("{FAE04EC0-301F-11D3-BF4B-00C04F79EFBC}") = "ProductorConsumidor.Model", "ProductorConsumidor.Model\ProductorConsumidor.Model.csproj", "{57C95BE7-F304-4893-8A44-9E8C71B1C058}"
EndProject
Project("{FAE04EC0-301F-11D3-BF4B-00C04F79EFBC}") = "ProductorConsumidor.ConSincronizacion", "ProductorConsumidor.ConSincronizacion\ProductorConsumidor.ConSincronizacion.csproj", "{91901E0A-BCB3-418D-9144-88F8CB82EBB0}"
EndProject
Global
	GlobalSection(SolutionConfigurationPlatforms) = preSolution
		Debug|Any CPU = Debug|Any CPU
		Release|Any CPU = Release|Any CPU
	EndGlobalSection
	GlobalSection(ProjectConfigurationPlatforms) = postSolution
		{2791E25D-AB9C-40C9-BC46-AA6CEA05BF19}.Debug|Any CPU.ActiveCfg = Debug|Any CPU
		{2791E25D-AB9C-40C9-BC46-AA6CEA05BF19}.Debug|Any CPU.Build.0 = Debug|Any CPU
		{2791E25D-AB9C-40C9-BC46-AA6CEA05BF19}.Release|Any CPU.ActiveCfg = Release|Any CPU
		{2791E25D-AB9C-40C9-BC46-AA6CEA05BF19}.Release|Any CPU.Build.0 = Release|Any CPU
		{57C95BE7-F304-4893-8A44-9E8C71B1C058}.Debug|Any CPU.ActiveCfg = Debug|Any CPU
		{57C95BE7-F304-4893-8A44-9E8C71B1C058}.Debug|Any CPU.Build.0 = Debug|Any CPU
		{57C95BE7-F304-4893-8A44-9E8C71B1C058}.Release|Any CPU.ActiveCfg = Release|Any CPU
		{57C95BE7-F304-4893-8A44-9E8C71B1C058}.Release|Any CPU.Build.0 = Release|Any CPU
		{91901E0A-BCB3-418D-9144-88F8CB82EBB0}.Debug|Any CPU.ActiveCfg = Debug|Any CPU
		{91901E0A-BCB3-418D-9144-88F8CB82EBB0}.Debug|Any CPU.Build.0 = Debug|Any CPU
		{91901E0A-BCB3-418D-9144-88F8CB82EBB0}.Release|Any CPU.ActiveCfg = Release|Any CPU
		{91901E0A-BCB3-418D-9144-88F8CB82EBB0}.Release|Any CPU.Build.0 = Release|Any CPU
	EndGlobalSection
	GlobalSection(SolutionProperties) = preSolution
		HideSolutionNode = FALSE
	EndGlobalSection
	GlobalSection(ExtensibilityGlobals) = postSolution
		SolutionGuid = {261F6664-5153-46FD-94E3-AC0BFE22356C}
	EndGlobalSection
EndGlobal
